PODS:
  - CRPickerView (0.1.0)
  - FBSnapshotTestCase (2.1.4):
    - FBSnapshotTestCase/SwiftSupport (= 2.1.4)
  - FBSnapshotTestCase/Core (2.1.4)
  - FBSnapshotTestCase/SwiftSupport (2.1.4):
    - FBSnapshotTestCase/Core

DEPENDENCIES:
  - CRPickerView (from `../`)
  - FBSnapshotTestCase

SPEC REPOS:
  https://github.com/cocoapods/specs.git:
    - FBSnapshotTestCase

EXTERNAL SOURCES:
  CRPickerView:
    :path: "../"

SPEC CHECKSUMS:
  CRPickerView: 81071fb377d8a88d32824ef6351a82057aa3d772
  FBSnapshotTestCase: 094f9f314decbabe373b87cc339bea235a63e07a

PODFILE CHECKSUM: 49fbc3e64c8af246e3878d633e55ebd27dcb27f0

COCOAPODS: 1.5.3
